// !$*UTF8*$!
{
	archiveVersion = 1;
	classes = {
	};
	objectVersion = 46;
	objects = {

/* Begin PBXBuildFile section */
		CDF9858F1ECE4E52003BBB0D /* AppDelegate.swift in Sources */ = {isa = PBXBuildFile; fileRef = CDF9858E1ECE4E52003BBB0D /* AppDelegate.swift */; };
		CDF985911ECE4E52003BBB0D /* ViewController.swift in Sources */ = {isa = PBXBuildFile; fileRef = CDF985901ECE4E52003BBB0D /* ViewController.swift */; };
		CDF985941ECE4E52003BBB0D /* Main.storyboard in Resources */ = {isa = PBXBuildFile; fileRef = CDF985921ECE4E52003BBB0D /* Main.storyboard */; };
		CDF985971ECE4E52003BBB0D /* MoodyStocks.xcdatamodeld in Sources */ = {isa = PBXBuildFile; fileRef = CDF985951ECE4E52003BBB0D /* MoodyStocks.xcdatamodeld */; };
		CDF985991ECE4E52003BBB0D /* Assets.xcassets in Resources */ = {isa = PBXBuildFile; fileRef = CDF985981ECE4E52003BBB0D /* Assets.xcassets */; };
		CDF9859C1ECE4E52003BBB0D /* LaunchScreen.storyboard in Resources */ = {isa = PBXBuildFile; fileRef = CDF9859A1ECE4E52003BBB0D /* LaunchScreen.storyboard */; };
/* End PBXBuildFile section */

/* Begin PBXFileReference section */
		CDF9858B1ECE4E52003BBB0D /* MoodyStocks.app */ = {isa = PBXFileReference; explicitFileType = wrapper.application; includeInIndex = 0; path = MoodyStocks.app; sourceTree = BUILT_PRODUCTS_DIR; };
		CDF9858E1ECE4E52003BBB0D /* AppDelegate.swift */ = {isa = PBXFileReference; lastKnownFileType = sourcecode.swift; path = AppDelegate.swift; sourceTree = "<group>"; };
		CDF985901ECE4E52003BBB0D /* ViewController.swift */ = {isa = PBXFileReference; lastKnownFileType = sourcecode.swift; path = ViewController.swift; sourceTree = "<group>"; };
		CDF985931ECE4E52003BBB0D /* Base */ = {isa = PBXFileReference; lastKnownFileType = file.storyboard; name = Base; path = Base.lproj/Main.storyboard; sourceTree = "<group>"; };
		CDF985961ECE4E52003BBB0D /* MoodyStocks.xcdatamodel */ = {isa = PBXFileReference; lastKnownFileType = wrapper.xcdatamodel; path = MoodyStocks.xcdatamodel; sourceTree = "<group>"; };
		CDF985981ECE4E52003BBB0D /* Assets.xcassets */ = {isa = PBXFileReference; lastKnownFileType = folder.assetcatalog; path = Assets.xcassets; sourceTree = "<group>"; };
		CDF9859B1ECE4E52003BBB0D /* Base */ = {isa = PBXFileReference; lastKnownFileType = file.storyboard; name = Base; path = Base.lproj/LaunchScreen.storyboard; sourceTree = "<group>"; };
		CDF9859D1ECE4E52003BBB0D /* Info.plist */ = {isa = PBXFileReference; lastKnownFileType = text.plist.xml; path = Info.plist; sourceTree = "<group>"; };
/* End PBXFileReference section */

/* Begin PBXFrameworksBuildPhase section */
		CDF985881ECE4E52003BBB0D /* Frameworks */ = {
			isa = PBXFrameworksBuildPhase;
			buildActionMask = 2147483647;
			files = (
			);
			runOnlyForDeploymentPostprocessing = 0;
		};
/* End PBXFrameworksBuildPhase section */

/* Begin PBXGroup section */
		CDF985821ECE4E52003BBB0D = {
			isa = PBXGroup;
			children = (
				CDF9858D1ECE4E52003BBB0D /* MoodyStocks */,
				CDF9858C1ECE4E52003BBB0D /* Products */,
			);
			sourceTree = "<group>";
		};
		CDF9858C1ECE4E52003BBB0D /* Products */ = {
			isa = PBXGroup;
			children = (
				CDF9858B1ECE4E52003BBB0D /* MoodyStocks.app */,
			);
			name = Products;
			sourceTree = "<group>";
		};
		CDF9858D1ECE4E52003BBB0D /* MoodyStocks */ = {
			isa = PBXGroup;
			children = (
				CDF9858E1ECE4E52003BBB0D /* AppDelegate.swift */,
				CDF985901ECE4E52003BBB0D /* ViewController.swift */,
				CDF985921ECE4E52003BBB0D /* Main.storyboard */,
				CDF985981ECE4E52003BBB0D /* Assets.xcassets */,
				CDF9859A1ECE4E52003BBB0D /* LaunchScreen.storyboard */,
				CDF9859D1ECE4E52003BBB0D /* Info.plist */,
				CDF985951ECE4E52003BBB0D /* MoodyStocks.xcdatamodeld */,
			);
			path = MoodyStocks;
			sourceTree = "<group>";
		};
/* End PBXGroup section */

/* Begin PBXNativeTarget section */
		CDF9858A1ECE4E52003BBB0D /* MoodyStocks */ = {
			isa = PBXNativeTarget;
			buildConfigurationList = CDF985A01ECE4E52003BBB0D /* Build configuration list for PBXNativeTarget "MoodyStocks" */;
			buildPhases = (
				CDF985871ECE4E52003BBB0D /* Sources */,
				CDF985881ECE4E52003BBB0D /* Frameworks */,
				CDF985891ECE4E52003BBB0D /* Resources */,
			);
			buildRules = (
			);
			dependencies = (
			);
			name = MoodyStocks;
			productName = MoodyStocks;
			productReference = CDF9858B1ECE4E52003BBB0D /* MoodyStocks.app */;
			productType = "com.apple.product-type.application";
		};
/* End PBXNativeTarget section */

/* Begin PBXProject section */
		CDF985831ECE4E52003BBB0D /* Project object */ = {
			isa = PBXProject;
			attributes = {
				LastSwiftUpdateCheck = 0830;
				LastUpgradeCheck = 0830;
				ORGANIZATIONNAME = AlphaChron;
				TargetAttributes = {
					CDF9858A1ECE4E52003BBB0D = {
						CreatedOnToolsVersion = 8.3.2;
						ProvisioningStyle = Automatic;
					};
				};
			};
			buildConfigurationList = CDF985861ECE4E52003BBB0D /* Build configuration list for PBXProject "MoodyStocks" */;
			compatibilityVersion = "Xcode 3.2";
			developmentRegion = English;
			hasScannedForEncodings = 0;
			knownRegions = (
				en,
				Base,
			);
			mainGroup = CDF985821ECE4E52003BBB0D;
			productRefGroup = CDF9858C1ECE4E52003BBB0D /* Products */;
			projectDirPath = "";
			projectRoot = "";
			targets = (
				CDF9858A1ECE4E52003BBB0D /* MoodyStocks */,
			);
		};
/* End PBXProject section */

/* Begin PBXResourcesBuildPhase section */
		CDF985891ECE4E52003BBB0D /* Resources */ = {
			isa = PBXResourcesBuildPhase;
			buildActionMask = 2147483647;
			files = (
				CDF9859C1ECE4E52003BBB0D /* LaunchScreen.storyboard in Resources */,
				CDF985991ECE4E52003BBB0D /* Assets.xcassets in Resources */,
				CDF985941ECE4E52003BBB0D /* Main.storyboard in Resources */,
			);
			runOnlyForDeploymentPostprocessing = 0;
		};
/* End PBXResourcesBuildPhase section */

/* Begin PBXSourcesBuildPhase section */
		CDF985871ECE4E52003BBB0D /* Sources */ = {
			isa = PBXSourcesBuildPhase;
			buildActionMask = 2147483647;
			files = (
				CDF985911ECE4E52003BBB0D /* ViewController.swift in Sources */,
				CDF9858F1ECE4E52003BBB0D /* AppDelegate.swift in Sources */,
				CDF985971ECE4E52003BBB0D /* MoodyStocks.xcdatamodeld in Sources */,
			);
			runOnlyForDeploymentPostprocessing = 0;
		};
/* End PBXSourcesBuildPhase section */

/* Begin PBXVariantGroup section */
		CDF985921ECE4E52003BBB0D /* Main.storyboard */ = {
			isa = PBXVariantGroup;
			children = (
				CDF985931ECE4E52003BBB0D /* Base */,
			);
			name = Main.storyboard;
			sourceTree = "<group>";
		};
		CDF9859A1ECE4E52003BBB0D /* LaunchScreen.storyboard */ = {
			isa = PBXVariantGroup;
			children = (
				CDF9859B1ECE4E52003BBB0D /* Base */,
			);
			name = LaunchScreen.storyboard;
			sourceTree = "<group>";
		};
/* End PBXVariantGroup section */

/* Begin XCBuildConfiguration section */
		CDF9859E1ECE4E52003BBB0D /* Debug */ = {
			isa = XCBuildConfiguration;
			buildSettings = {
				ALWAYS_SEARCH_USER_PATHS = NO;
				CLANG_ANALYZER_NONNULL = YES;
				CLANG_ANALYZER_NUMBER_OBJECT_CONVERSION = YES_AGGRESSIVE;
				CLANG_CXX_LANGUAGE_STANDARD = "gnu++0x";
				CLANG_CXX_LIBRARY = "libc++";
				CLANG_ENABLE_MODULES = YES;
				CLANG_ENABLE_OBJC_ARC = YES;
				CLANG_WARN_BOOL_CONVERSION = YES;
				CLANG_WARN_CONSTANT_CONVERSION = YES;
				CLANG_WARN_DIRECT_OBJC_ISA_USAGE = YES_ERROR;
				CLANG_WARN_DOCUMENTATION_COMMENTS = YES;
				CLANG_WARN_EMPTY_BODY = YES;
				CLANG_WARN_ENUM_CONVERSION = YES;
				CLANG_WARN_INFINITE_RECURSION = YES;
				CLANG_WARN_INT_CONVERSION = YES;
				CLANG_WARN_OBJC_ROOT_CLASS = YES_ERROR;
				CLANG_WARN_SUSPICIOUS_MOVE = YES;
				CLANG_WARN_UNREACHABLE_CODE = YES;
				CLANG_WARN__DUPLICATE_METHOD_MATCH = YES;
				"CODE_SIGN_IDENTITY[sdk=iphoneos*]" = "iPhone Developer";
				COPY_PHASE_STRIP = NO;
				DEBUG_INFORMATION_FORMAT = dwarf;
				ENABLE_STRICT_OBJC_MSGSEND = YES;
				ENABLE_TESTABILITY = YES;
				GCC_C_LANGUAGE_STANDARD = gnu99;
				GCC_DYNAMIC_NO_PIC = NO;
				GCC_NO_COMMON_BLOCKS = YES;
				GCC_OPTIMIZATION_LEVEL = 0;
				GCC_PREPROCESSOR_DEFINITIONS = (
					"DEBUG=1",
					"$(inherited)",
				);
				GCC_WARN_64_TO_32_BIT_CONVERSION = YES;
				GCC_WARN_ABOUT_RETURN_TYPE = YES_ERROR;
				GCC_WARN_UNDECLARED_SELECTOR = YES;
				GCC_WARN_UNINITIALIZED_AUTOS = YES_AGGRESSIVE;
				GCC_WARN_UNUSED_FUNCTION = YES;
				GCC_WARN_UNUSED_VARIABLE = YES;
				IPHONEOS_DEPLOYMENT_TARGET = 10.3;
				MTL_ENABLE_DEBUG_INFO = YES;
				ONLY_ACTIVE_ARCH = YES;
				SDKROOT = iphoneos;
				SWIFT_ACTIVE_COMPILATION_CONDITIONS = DEBUG;
				SWIFT_OPTIMIZATION_LEVEL = "-Onone";
				TARGETED_DEVICE_FAMILY = "1,2";
			};
			name = Debug;
		};
		CDF9859F1ECE4E52003BBB0D /* Release */ = {
			isa = XCBuildConfiguration;
			buildSettings = {
				ALWAYS_SEARCH_USER_PATHS = NO;
				CLANG_ANALYZER_NONNULL = YES;
				CLANG_ANALYZER_NUMBER_OBJECT_CONVERSION = YES_AGGRESSIVE;
				CLANG_CXX_LANGUAGE_STANDARD = "gnu++0x";
				CLANG_CXX_LIBRARY = "libc++";
				CLANG_ENABLE_MODULES = YES;
				CLANG_ENABLE_OBJC_ARC = YES;
				CLANG_WARN_BOOL_CONVERSION = YES;
				CLANG_WARN_CONSTANT_CONVERSION = YES;
				CLANG_WARN_DIRECT_OBJC_ISA_USAGE = YES_ERROR;
				CLANG_WARN_DOCUMENTATION_COMMENTS = YES;
				CLANG_WARN_EMPTY_BODY = YES;
				CLANG_WARN_ENUM_CONVERSION = YES;
				CLANG_WARN_INFINITE_RECURSION = YES;
				CLANG_WARN_INT_CONVERSION = YES;
				CLANG_WARN_OBJC_ROOT_CLASS = YES_ERROR;
				CLANG_WARN_SUSPICIOUS_MOVE = YES;
				CLANG_WARN_UNREACHABLE_CODE = YES;
				CLANG_WARN__DUPLICATE_METHOD_MATCH = YES;
				"CODE_SIGN_IDENTITY[sdk=iphoneos*]" = "iPhone Developer";
				COPY_PHASE_STRIP = NO;
				DEBUG_INFORMATION_FORMAT = "dwarf-with-dsym";
				ENABLE_NS_ASSERTIONS = NO;
				ENABLE_STRICT_OBJC_MSGSEND = YES;
				GCC_C_LANGUAGE_STANDARD = gnu99;
				GCC_NO_COMMON_BLOCKS = YES;
				GCC_WARN_64_TO_32_BIT_CONVERSION = YES;
				GCC_WARN_ABOUT_RETURN_TYPE = YES_ERROR;
				GCC_WARN_UNDECLARED_SELECTOR = YES;
				GCC_WARN_UNINITIALIZED_AUTOS = YES_AGGRESSIVE;
				GCC_WARN_UNUSED_FUNCTION = YES;
				GCC_WARN_UNUSED_VARIABLE = YES;
				IPHONEOS_DEPLOYMENT_TARGET = 10.3;
				MTL_ENABLE_DEBUG_INFO = NO;
				SDKROOT = iphoneos;
				SWIFT_OPTIMIZATION_LEVEL = "-Owholemodule";
				TARGETED_DEVICE_FAMILY = "1,2";
				VALIDATE_PRODUCT = YES;
			};
			name = Release;
		};
		CDF985A11ECE4E52003BBB0D /* Debug */ = {
			isa = XCBuildConfiguration;
			buildSettings = {
				ASSETCATALOG_COMPILER_APPICON_NAME = AppIcon;
				INFOPLIST_FILE = MoodyStocks/Info.plist;
				LD_RUNPATH_SEARCH_PATHS = "$(inherited) @executable_path/Frameworks";
				PRODUCT_BUNDLE_IDENTIFIER = AlphaChron.MoodyStocks;
				PRODUCT_NAME = "$(TARGET_NAME)";
				SWIFT_VERSION = 3.0;
			};
			name = Debug;
		};
		CDF985A21ECE4E52003BBB0D /* Release */ = {
			isa = XCBuildConfiguration;
			buildSettings = {
				ASSETCATALOG_COMPILER_APPICON_NAME = AppIcon;
				INFOPLIST_FILE = MoodyStocks/Info.plist;
				LD_RUNPATH_SEARCH_PATHS = "$(inherited) @executable_path/Frameworks";
				PRODUCT_BUNDLE_IDENTIFIER = AlphaChron.MoodyStocks;
				PRODUCT_NAME = "$(TARGET_NAME)";
				SWIFT_VERSION = 3.0;
			};
			name = Release;
		};
/* End XCBuildConfiguration section */

/* Begin XCConfigurationList section */
		CDF985861ECE4E52003BBB0D /* Build configuration list for PBXProject "MoodyStocks" */ = {
			isa = XCConfigurationList;
			buildConfigurations = (
				CDF9859E1ECE4E52003BBB0D /* Debug */,
				CDF9859F1ECE4E52003BBB0D /* Release */,
			);
			defaultConfigurationIsVisible = 0;
			defaultConfigurationName = Release;
		};
		CDF985A01ECE4E52003BBB0D /* Build configuration list for PBXNativeTarget "MoodyStocks" */ = {
			isa = XCConfigurationList;
			buildConfigurations = (
				CDF985A11ECE4E52003BBB0D /* Debug */,
				CDF985A21ECE4E52003BBB0D /* Release */,
			);
			defaultConfigurationIsVisible = 0;
		};
/* End XCConfigurationList section */

/* Begin XCVersionGroup section */
		CDF985951ECE4E52003BBB0D /* MoodyStocks.xcdatamodeld */ = {
			isa = XCVersionGroup;
			children = (
				CDF985961ECE4E52003BBB0D /* MoodyStocks.xcdatamodel */,
			);
			currentVersion = CDF985961ECE4E52003BBB0D /* MoodyStocks.xcdatamodel */;
			path = MoodyStocks.xcdatamodeld;
			sourceTree = "<group>";
			versionGroupType = wrapper.xcdatamodel;
		};
/* End XCVersionGroup section */
	};
	rootObject = CDF985831ECE4E52003BBB0D /* Project object */;
}
